# This file was autogenerated by Stack.
# You should not edit this file by hand.
# For more information, please see the documentation at:
#   https://docs.haskellstack.org/en/stable/topics/lock_files

packages: []
snapshots:
- completed:
    sha256: c3d20f261a0af54ecaf692341b8c4541bc2812681940079694347c88a487e27b
    size: 666825
    url: https://raw.githubusercontent.com/commercialhaskell/stackage-snapshots/master/nightly/2025/7/20.yaml
  original: nightly-2025-07-20
