# This file was autogenerated by Stack.
# You should not edit this file by hand.
# For more information, please see the documentation at:
#   https://docs.haskellstack.org/en/stable/topics/lock_files

packages: []
snapshots:
- completed:
    sha256: e9987925aaaa3d5bea1ae4a83f1e1e7ce76817072f760500b61aef39213d2c88
    size: 672916
    url: https://raw.githubusercontent.com/commercialhaskell/stackage-snapshots/master/nightly/2025/7/30.yaml
  original: nightly-2025-07-30
